
Microsoft Visual Studio Solution File, Format Version 12.00
# Visual Studio Version 16
VisualStudioVersion = 16.0.29613.14
MinimumVisualStudioVersion = 10.0.40219.1
Project("{FAE04EC0-301F-11D3-BF4B-00C04F79EFBC}") = "BookStoreRazor", "BookStoreRazor\BookStoreRazor.csproj", "{9918774F-4A27-4E4F-A272-09C382530BBF}"
EndProject
Global
	GlobalSection(SolutionConfigurationPlatforms) = preSolution
		Debug|Any CPU = Debug|Any CPU
		Release|Any CPU = Release|Any CPU
	EndGlobalSection
	GlobalSection(ProjectConfigurationPlatforms) = postSolution
		{9918774F-4A27-4E4F-A272-09C382530BBF}.Debug|Any CPU.ActiveCfg = Debug|Any CPU
		{9918774F-4A27-4E4F-A272-09C382530BBF}.Debug|Any CPU.Build.0 = Debug|Any CPU
		{9918774F-4A27-4E4F-A272-09C382530BBF}.Release|Any CPU.ActiveCfg = Release|Any CPU
		{9918774F-4A27-4E4F-A272-09C382530BBF}.Release|Any CPU.Build.0 = Release|Any CPU
	EndGlobalSection
	GlobalSection(SolutionProperties) = preSolution
		HideSolutionNode = FALSE
	EndGlobalSection
	GlobalSection(ExtensibilityGlobals) = postSolution
		SolutionGuid = {831CF198-B46E-4967-9B07-9BE97F3A017E}
	EndGlobalSection
EndGlobal
